
Microsoft Visual Studio Solution File, Format Version 12.00
# Visual Studio Version 17
VisualStudioVersion = 17.12.35521.163 d17.12
MinimumVisualStudioVersion = 10.0.40219.1
Project("{FAE04EC0-301F-11D3-BF4B-00C04F79EFBC}") = "Class-Enrollmen-Application", "Class-Enrollmen-Application\Class-Enrollmen-Application.csproj", "{B5C8F7EC-1362-4156-9D90-10CF73504DA4}"
EndProject
Global
	GlobalSection(SolutionConfigurationPlatforms) = preSolution
		Debug|Any CPU = Debug|Any CPU
		Release|Any CPU = Release|Any CPU
	EndGlobalSection
	GlobalSection(ProjectConfigurationPlatforms) = postSolution
		{B5C8F7EC-1362-4156-9D90-10CF73504DA4}.Debug|Any CPU.ActiveCfg = Debug|Any CPU
		{B5C8F7EC-1362-4156-9D90-10CF73504DA4}.Debug|Any CPU.Build.0 = Debug|Any CPU
		{B5C8F7EC-1362-4156-9D90-10CF73504DA4}.Release|Any CPU.ActiveCfg = Release|Any CPU
		{B5C8F7EC-1362-4156-9D90-10CF73504DA4}.Release|Any CPU.Build.0 = Release|Any CPU
	EndGlobalSection
	GlobalSection(SolutionProperties) = preSolution
		HideSolutionNode = FALSE
	EndGlobalSection
EndGlobal
